
Microsoft Visual Studio Solution File, Format Version 12.00
# Visual Studio Version 17
VisualStudioVersion = 17.0.31903.59
MinimumVisualStudioVersion = 10.0.40219.1
Project("{FAE04EC0-301F-11D3-BF4B-00C04F79EFBC}") = "PortFlow.Core", "PortFlow.Core\PortFlow.Core.csproj", "{A9340424-AF45-4919-A552-C9C92AD27501}"
EndProject
Project("{FAE04EC0-301F-11D3-BF4B-00C04F79EFBC}") = "PortFlow.Runner", "PortFlow.Runner\PortFlow.Runner.csproj", "{B1F274B0-57A6-4152-8D1B-ECC19BE55594}"
EndProject
Global
	GlobalSection(SolutionConfigurationPlatforms) = preSolution
		Debug|Any CPU = Debug|Any CPU
		Release|Any CPU = Release|Any CPU
	EndGlobalSection
	GlobalSection(SolutionProperties) = preSolution
		HideSolutionNode = FALSE
	EndGlobalSection
	GlobalSection(ProjectConfigurationPlatforms) = postSolution
		{A9340424-AF45-4919-A552-C9C92AD27501}.Debug|Any CPU.ActiveCfg = Debug|Any CPU
		{A9340424-AF45-4919-A552-C9C92AD27501}.Debug|Any CPU.Build.0 = Debug|Any CPU
		{A9340424-AF45-4919-A552-C9C92AD27501}.Release|Any CPU.ActiveCfg = Release|Any CPU
		{A9340424-AF45-4919-A552-C9C92AD27501}.Release|Any CPU.Build.0 = Release|Any CPU
		{B1F274B0-57A6-4152-8D1B-ECC19BE55594}.Debug|Any CPU.ActiveCfg = Debug|Any CPU
		{B1F274B0-57A6-4152-8D1B-ECC19BE55594}.Debug|Any CPU.Build.0 = Debug|Any CPU
		{B1F274B0-57A6-4152-8D1B-ECC19BE55594}.Release|Any CPU.ActiveCfg = Release|Any CPU
		{B1F274B0-57A6-4152-8D1B-ECC19BE55594}.Release|Any CPU.Build.0 = Release|Any CPU
	EndGlobalSection
EndGlobal
